
Microsoft Visual Studio Solution File, Format Version 12.00
# Visual Studio 2017
Project("{FAE04EC0-301F-11D3-BF4B-00C04F79EFBC}") = "Colocated-VR-Experience", "Colocated-VR-Experience.csproj", "{F5FE5AE2-DE6E-B24F-A4D0-29E63A5ACC76}"
EndProject
Project("{FAE04EC0-301F-11D3-BF4B-00C04F79EFBC}") = "Colocated-VR-Experience.Editor", "Colocated-VR-Experience.Editor.csproj", "{168CE900-CF57-EC6F-1179-A5A10479703A}"
EndProject
Global
	GlobalSection(SolutionConfigurationPlatforms) = preSolution
		Debug|Any CPU = Debug|Any CPU
		Release|Any CPU = Release|Any CPU
	EndGlobalSection
	GlobalSection(ProjectConfigurationPlatforms) = postSolution
		{F5FE5AE2-DE6E-B24F-A4D0-29E63A5ACC76}.Debug|Any CPU.ActiveCfg = Debug|Any CPU
		{F5FE5AE2-DE6E-B24F-A4D0-29E63A5ACC76}.Debug|Any CPU.Build.0 = Debug|Any CPU
		{F5FE5AE2-DE6E-B24F-A4D0-29E63A5ACC76}.Release|Any CPU.ActiveCfg = Release|Any CPU
		{F5FE5AE2-DE6E-B24F-A4D0-29E63A5ACC76}.Release|Any CPU.Build.0 = Release|Any CPU
		{168CE900-CF57-EC6F-1179-A5A10479703A}.Debug|Any CPU.ActiveCfg = Debug|Any CPU
		{168CE900-CF57-EC6F-1179-A5A10479703A}.Debug|Any CPU.Build.0 = Debug|Any CPU
		{168CE900-CF57-EC6F-1179-A5A10479703A}.Release|Any CPU.ActiveCfg = Release|Any CPU
		{168CE900-CF57-EC6F-1179-A5A10479703A}.Release|Any CPU.Build.0 = Release|Any CPU
	EndGlobalSection
	GlobalSection(SolutionProperties) = preSolution
		HideSolutionNode = FALSE
	EndGlobalSection
EndGlobal
